
Microsoft Visual Studio Solution File, Format Version 12.00
# Visual Studio Version 17
VisualStudioVersion = 17.7.34031.279
MinimumVisualStudioVersion = 10.0.40219.1
Project("{FAE04EC0-301F-11D3-BF4B-00C04F79EFBC}") = "ProductMicroservice", "ProductMicroservice\ProductMicroservice.csproj", "{2A034713-895D-4241-B1A8-70C9FC00ABDB}"
EndProject
Global
	GlobalSection(SolutionConfigurationPlatforms) = preSolution
		Debug|Any CPU = Debug|Any CPU
		Release|Any CPU = Release|Any CPU
	EndGlobalSection
	GlobalSection(ProjectConfigurationPlatforms) = postSolution
		{2A034713-895D-4241-B1A8-70C9FC00ABDB}.Debug|Any CPU.ActiveCfg = Debug|Any CPU
		{2A034713-895D-4241-B1A8-70C9FC00ABDB}.Debug|Any CPU.Build.0 = Debug|Any CPU
		{2A034713-895D-4241-B1A8-70C9FC00ABDB}.Release|Any CPU.ActiveCfg = Release|Any CPU
		{2A034713-895D-4241-B1A8-70C9FC00ABDB}.Release|Any CPU.Build.0 = Release|Any CPU
	EndGlobalSection
	GlobalSection(SolutionProperties) = preSolution
		HideSolutionNode = FALSE
	EndGlobalSection
	GlobalSection(ExtensibilityGlobals) = postSolution
		SolutionGuid = {F0D84807-FF9C-490D-825E-E94CB47875B7}
	EndGlobalSection
EndGlobal
